
Microsoft Visual Studio Solution File, Format Version 12.00
# Visual Studio Version 16
VisualStudioVersion = 16.0.29215.179
MinimumVisualStudioVersion = 10.0.40219.1
Project("{FAE04EC0-301F-11D3-BF4B-00C04F79EFBC}") = "ProjetB2CSharpPlage", "ProjetB2CSharpPlage\ProjetB2CSharpPlage.csproj", "{CD1CFA15-C944-4042-ADCE-1E1A9D2BA96C}"
EndProject
Global
	GlobalSection(SolutionConfigurationPlatforms) = preSolution
		Debug|Any CPU = Debug|Any CPU
		Release|Any CPU = Release|Any CPU
	EndGlobalSection
	GlobalSection(ProjectConfigurationPlatforms) = postSolution
		{CD1CFA15-C944-4042-ADCE-1E1A9D2BA96C}.Debug|Any CPU.ActiveCfg = Debug|Any CPU
		{CD1CFA15-C944-4042-ADCE-1E1A9D2BA96C}.Debug|Any CPU.Build.0 = Debug|Any CPU
		{CD1CFA15-C944-4042-ADCE-1E1A9D2BA96C}.Release|Any CPU.ActiveCfg = Release|Any CPU
		{CD1CFA15-C944-4042-ADCE-1E1A9D2BA96C}.Release|Any CPU.Build.0 = Release|Any CPU
	EndGlobalSection
	GlobalSection(SolutionProperties) = preSolution
		HideSolutionNode = FALSE
	EndGlobalSection
	GlobalSection(ExtensibilityGlobals) = postSolution
		SolutionGuid = {38744EA2-69EA-4696-827A-4B5BF6262064}
	EndGlobalSection
EndGlobal
